// !$*UTF8*$!
{
	archiveVersion = 1;
	classes = {
	};
	objectVersion = 55;
	objects = {

/* Begin PBXBuildFile section */
		47D2271727DA938100FA92B7 /* AppDelegate.swift in Sources */ = {isa = PBXBuildFile; fileRef = 47D2271627DA938100FA92B7 /* AppDelegate.swift */; };
		47D2271927DA938100FA92B7 /* SceneDelegate.swift in Sources */ = {isa = PBXBuildFile; fileRef = 47D2271827DA938100FA92B7 /* SceneDelegate.swift */; };
		47D2271B27DA938100FA92B7 /* ViewController.swift in Sources */ = {isa = PBXBuildFile; fileRef = 47D2271A27DA938100FA92B7 /* ViewController.swift */; };
		47D2271E27DA938100FA92B7 /* Main.storyboard in Resources */ = {isa = PBXBuildFile; fileRef = 47D2271C27DA938100FA92B7 /* Main.storyboard */; };
		47D2272027DA938200FA92B7 /* Assets.xcassets in Resources */ = {isa = PBXBuildFile; fileRef = 47D2271F27DA938200FA92B7 /* Assets.xcassets */; };
		47D2272327DA938200FA92B7 /* LaunchScreen.storyboard in Resources */ = {isa = PBXBuildFile; fileRef = 47D2272127DA938200FA92B7 /* LaunchScreen.storyboard */; };
		47D2272E27DA93C700FA92B7 /* StackOverflowResponse.swift in Sources */ = {isa = PBXBuildFile; fileRef = 47D2272D27DA93C700FA92B7 /* StackOverflowResponse.swift */; };
		47D2273027DA940400FA92B7 /* StackOverflowItem.swift in Sources */ = {isa = PBXBuildFile; fileRef = 47D2272F27DA940400FA92B7 /* StackOverflowItem.swift */; };
		47D2273227DA942900FA92B7 /* StackOverflowOwner.swift in Sources */ = {isa = PBXBuildFile; fileRef = 47D2273127DA942900FA92B7 /* StackOverflowOwner.swift */; };
		47D2273427DA94B800FA92B7 /* ViewModel.swift in Sources */ = {isa = PBXBuildFile; fileRef = 47D2273327DA94B800FA92B7 /* ViewModel.swift */; };
		47D2273727DA94CF00FA92B7 /* NetworkManager.swift in Sources */ = {isa = PBXBuildFile; fileRef = 47D2273627DA94CF00FA92B7 /* NetworkManager.swift */; };
		47D2273927DA94DD00FA92B7 /* NetworkError.swift in Sources */ = {isa = PBXBuildFile; fileRef = 47D2273827DA94DD00FA92B7 /* NetworkError.swift */; };
		47D2273B27DA94F200FA92B7 /* NetworkURLs.swift in Sources */ = {isa = PBXBuildFile; fileRef = 47D2273A27DA94F200FA92B7 /* NetworkURLs.swift */; };
		47D2273D27DA97BF00FA92B7 /* QuestionCell.swift in Sources */ = {isa = PBXBuildFile; fileRef = 47D2273C27DA97BF00FA92B7 /* QuestionCell.swift */; };
/* End PBXBuildFile section */

/* Begin PBXFileReference section */
		47D2271327DA938100FA92B7 /* SafeHealthChallenge.app */ = {isa = PBXFileReference; explicitFileType = wrapper.application; includeInIndex = 0; path = SafeHealthChallenge.app; sourceTree = BUILT_PRODUCTS_DIR; };
		47D2271627DA938100FA92B7 /* AppDelegate.swift */ = {isa = PBXFileReference; lastKnownFileType = sourcecode.swift; path = AppDelegate.swift; sourceTree = "<group>"; };
		47D2271827DA938100FA92B7 /* SceneDelegate.swift */ = {isa = PBXFileReference; lastKnownFileType = sourcecode.swift; path = SceneDelegate.swift; sourceTree = "<group>"; };
		47D2271A27DA938100FA92B7 /* ViewController.swift */ = {isa = PBXFileReference; lastKnownFileType = sourcecode.swift; path = ViewController.swift; sourceTree = "<group>"; };
		47D2271D27DA938100FA92B7 /* Base */ = {isa = PBXFileReference; lastKnownFileType = file.storyboard; name = Base; path = Base.lproj/Main.storyboard; sourceTree = "<group>"; };
		47D2271F27DA938200FA92B7 /* Assets.xcassets */ = {isa = PBXFileReference; lastKnownFileType = folder.assetcatalog; path = Assets.xcassets; sourceTree = "<group>"; };
		47D2272227DA938200FA92B7 /* Base */ = {isa = PBXFileReference; lastKnownFileType = file.storyboard; name = Base; path = Base.lproj/LaunchScreen.storyboard; sourceTree = "<group>"; };
		47D2272427DA938200FA92B7 /* Info.plist */ = {isa = PBXFileReference; lastKnownFileType = text.plist.xml; path = Info.plist; sourceTree = "<group>"; };
		47D2272D27DA93C700FA92B7 /* StackOverflowResponse.swift */ = {isa = PBXFileReference; lastKnownFileType = sourcecode.swift; path = StackOverflowResponse.swift; sourceTree = "<group>"; };
		47D2272F27DA940400FA92B7 /* StackOverflowItem.swift */ = {isa = PBXFileReference; lastKnownFileType = sourcecode.swift; path = StackOverflowItem.swift; sourceTree = "<group>"; };
		47D2273127DA942900FA92B7 /* StackOverflowOwner.swift */ = {isa = PBXFileReference; lastKnownFileType = sourcecode.swift; path = StackOverflowOwner.swift; sourceTree = "<group>"; };
		47D2273327DA94B800FA92B7 /* ViewModel.swift */ = {isa = PBXFileReference; lastKnownFileType = sourcecode.swift; path = ViewModel.swift; sourceTree = "<group>"; };
		47D2273627DA94CF00FA92B7 /* NetworkManager.swift */ = {isa = PBXFileReference; lastKnownFileType = sourcecode.swift; path = NetworkManager.swift; sourceTree = "<group>"; };
		47D2273827DA94DD00FA92B7 /* NetworkError.swift */ = {isa = PBXFileReference; lastKnownFileType = sourcecode.swift; path = NetworkError.swift; sourceTree = "<group>"; };
		47D2273A27DA94F200FA92B7 /* NetworkURLs.swift */ = {isa = PBXFileReference; lastKnownFileType = sourcecode.swift; path = NetworkURLs.swift; sourceTree = "<group>"; };
		47D2273C27DA97BF00FA92B7 /* QuestionCell.swift */ = {isa = PBXFileReference; lastKnownFileType = sourcecode.swift; path = QuestionCell.swift; sourceTree = "<group>"; };
/* End PBXFileReference section */

/* Begin PBXFrameworksBuildPhase section */
		47D2271027DA938100FA92B7 /* Frameworks */ = {
			isa = PBXFrameworksBuildPhase;
			buildActionMask = 2147483647;
			files = (
			);
			runOnlyForDeploymentPostprocessing = 0;
		};
/* End PBXFrameworksBuildPhase section */

/* Begin PBXGroup section */
		47D2270A27DA938100FA92B7 = {
			isa = PBXGroup;
			children = (
				47D2271527DA938100FA92B7 /* SafeHealthChallenge */,
				47D2271427DA938100FA92B7 /* Products */,
			);
			sourceTree = "<group>";
		};
		47D2271427DA938100FA92B7 /* Products */ = {
			isa = PBXGroup;
			children = (
				47D2271327DA938100FA92B7 /* SafeHealthChallenge.app */,
			);
			name = Products;
			sourceTree = "<group>";
		};
		47D2271527DA938100FA92B7 /* SafeHealthChallenge */ = {
			isa = PBXGroup;
			children = (
				47D2271627DA938100FA92B7 /* AppDelegate.swift */,
				47D2271827DA938100FA92B7 /* SceneDelegate.swift */,
				47D2273527DA94C100FA92B7 /* Networking */,
				47D2272B27DA939000FA92B7 /* Models */,
				47D2272A27DA938A00FA92B7 /* ViewModels */,
				47D2272C27DA939500FA92B7 /* Views */,
				47D2271F27DA938200FA92B7 /* Assets.xcassets */,
				47D2272127DA938200FA92B7 /* LaunchScreen.storyboard */,
				47D2272427DA938200FA92B7 /* Info.plist */,
			);
			path = SafeHealthChallenge;
			sourceTree = "<group>";
		};
		47D2272A27DA938A00FA92B7 /* ViewModels */ = {
			isa = PBXGroup;
			children = (
				47D2273327DA94B800FA92B7 /* ViewModel.swift */,
			);
			path = ViewModels;
			sourceTree = "<group>";
		};
		47D2272B27DA939000FA92B7 /* Models */ = {
			isa = PBXGroup;
			children = (
				47D2272D27DA93C700FA92B7 /* StackOverflowResponse.swift */,
				47D2272F27DA940400FA92B7 /* StackOverflowItem.swift */,
				47D2273127DA942900FA92B7 /* StackOverflowOwner.swift */,
			);
			path = Models;
			sourceTree = "<group>";
		};
		47D2272C27DA939500FA92B7 /* Views */ = {
			isa = PBXGroup;
			children = (
				47D2271A27DA938100FA92B7 /* ViewController.swift */,
				47D2273C27DA97BF00FA92B7 /* QuestionCell.swift */,
				47D2271C27DA938100FA92B7 /* Main.storyboard */,
			);
			path = Views;
			sourceTree = "<group>";
		};
		47D2273527DA94C100FA92B7 /* Networking */ = {
			isa = PBXGroup;
			children = (
				47D2273627DA94CF00FA92B7 /* NetworkManager.swift */,
				47D2273827DA94DD00FA92B7 /* NetworkError.swift */,
				47D2273A27DA94F200FA92B7 /* NetworkURLs.swift */,
			);
			path = Networking;
			sourceTree = "<group>";
		};
/* End PBXGroup section */

/* Begin PBXNativeTarget section */
		47D2271227DA938100FA92B7 /* SafeHealthChallenge */ = {
			isa = PBXNativeTarget;
			buildConfigurationList = 47D2272727DA938200FA92B7 /* Build configuration list for PBXNativeTarget "SafeHealthChallenge" */;
			buildPhases = (
				47D2270F27DA938100FA92B7 /* Sources */,
				47D2271027DA938100FA92B7 /* Frameworks */,
				47D2271127DA938100FA92B7 /* Resources */,
			);
			buildRules = (
			);
			dependencies = (
			);
			name = SafeHealthChallenge;
			productName = SafeHealthChallenge;
			productReference = 47D2271327DA938100FA92B7 /* SafeHealthChallenge.app */;
			productType = "com.apple.product-type.application";
		};
/* End PBXNativeTarget section */

/* Begin PBXProject section */
		47D2270B27DA938100FA92B7 /* Project object */ = {
			isa = PBXProject;
			attributes = {
				BuildIndependentTargetsInParallel = 1;
				LastSwiftUpdateCheck = 1320;
				LastUpgradeCheck = 1320;
				TargetAttributes = {
					47D2271227DA938100FA92B7 = {
						CreatedOnToolsVersion = 13.2.1;
					};
				};
			};
			buildConfigurationList = 47D2270E27DA938100FA92B7 /* Build configuration list for PBXProject "SafeHealthChallenge" */;
			compatibilityVersion = "Xcode 13.0";
			developmentRegion = en;
			hasScannedForEncodings = 0;
			knownRegions = (
				en,
				Base,
			);
			mainGroup = 47D2270A27DA938100FA92B7;
			productRefGroup = 47D2271427DA938100FA92B7 /* Products */;
			projectDirPath = "";
			projectRoot = "";
			targets = (
				47D2271227DA938100FA92B7 /* SafeHealthChallenge */,
			);
		};
/* End PBXProject section */

/* Begin PBXResourcesBuildPhase section */
		47D2271127DA938100FA92B7 /* Resources */ = {
			isa = PBXResourcesBuildPhase;
			buildActionMask = 2147483647;
			files = (
				47D2272327DA938200FA92B7 /* LaunchScreen.storyboard in Resources */,
				47D2272027DA938200FA92B7 /* Assets.xcassets in Resources */,
				47D2271E27DA938100FA92B7 /* Main.storyboard in Resources */,
			);
			runOnlyForDeploymentPostprocessing = 0;
		};
/* End PBXResourcesBuildPhase section */

/* Begin PBXSourcesBuildPhase section */
		47D2270F27DA938100FA92B7 /* Sources */ = {
			isa = PBXSourcesBuildPhase;
			buildActionMask = 2147483647;
			files = (
				47D2271B27DA938100FA92B7 /* ViewController.swift in Sources */,
				47D2271727DA938100FA92B7 /* AppDelegate.swift in Sources */,
				47D2273027DA940400FA92B7 /* StackOverflowItem.swift in Sources */,
				47D2271927DA938100FA92B7 /* SceneDelegate.swift in Sources */,
				47D2273727DA94CF00FA92B7 /* NetworkManager.swift in Sources */,
				47D2273227DA942900FA92B7 /* StackOverflowOwner.swift in Sources */,
				47D2273927DA94DD00FA92B7 /* NetworkError.swift in Sources */,
				47D2273D27DA97BF00FA92B7 /* QuestionCell.swift in Sources */,
				47D2272E27DA93C700FA92B7 /* StackOverflowResponse.swift in Sources */,
				47D2273B27DA94F200FA92B7 /* NetworkURLs.swift in Sources */,
				47D2273427DA94B800FA92B7 /* ViewModel.swift in Sources */,
			);
			runOnlyForDeploymentPostprocessing = 0;
		};
/* End PBXSourcesBuildPhase section */

/* Begin PBXVariantGroup section */
		47D2271C27DA938100FA92B7 /* Main.storyboard */ = {
			isa = PBXVariantGroup;
			children = (
				47D2271D27DA938100FA92B7 /* Base */,
			);
			name = Main.storyboard;
			sourceTree = "<group>";
		};
		47D2272127DA938200FA92B7 /* LaunchScreen.storyboard */ = {
			isa = PBXVariantGroup;
			children = (
				47D2272227DA938200FA92B7 /* Base */,
			);
			name = LaunchScreen.storyboard;
			sourceTree = "<group>";
		};
/* End PBXVariantGroup section */

/* Begin XCBuildConfiguration section */
		47D2272527DA938200FA92B7 /* Debug */ = {
			isa = XCBuildConfiguration;
			buildSettings = {
				ALWAYS_SEARCH_USER_PATHS = NO;
				CLANG_ANALYZER_NONNULL = YES;
				CLANG_ANALYZER_NUMBER_OBJECT_CONVERSION = YES_AGGRESSIVE;
				CLANG_CXX_LANGUAGE_STANDARD = "gnu++17";
				CLANG_CXX_LIBRARY = "libc++";
				CLANG_ENABLE_MODULES = YES;
				CLANG_ENABLE_OBJC_ARC = YES;
				CLANG_ENABLE_OBJC_WEAK = YES;
				CLANG_WARN_BLOCK_CAPTURE_AUTORELEASING = YES;
				CLANG_WARN_BOOL_CONVERSION = YES;
				CLANG_WARN_COMMA = YES;
				CLANG_WARN_CONSTANT_CONVERSION = YES;
				CLANG_WARN_DEPRECATED_OBJC_IMPLEMENTATIONS = YES;
				CLANG_WARN_DIRECT_OBJC_ISA_USAGE = YES_ERROR;
				CLANG_WARN_DOCUMENTATION_COMMENTS = YES;
				CLANG_WARN_EMPTY_BODY = YES;
				CLANG_WARN_ENUM_CONVERSION = YES;
				CLANG_WARN_INFINITE_RECURSION = YES;
				CLANG_WARN_INT_CONVERSION = YES;
				CLANG_WARN_NON_LITERAL_NULL_CONVERSION = YES;
				CLANG_WARN_OBJC_IMPLICIT_RETAIN_SELF = YES;
				CLANG_WARN_OBJC_LITERAL_CONVERSION = YES;
				CLANG_WARN_OBJC_ROOT_CLASS = YES_ERROR;
				CLANG_WARN_QUOTED_INCLUDE_IN_FRAMEWORK_HEADER = YES;
				CLANG_WARN_RANGE_LOOP_ANALYSIS = YES;
				CLANG_WARN_STRICT_PROTOTYPES = YES;
				CLANG_WARN_SUSPICIOUS_MOVE = YES;
				CLANG_WARN_UNGUARDED_AVAILABILITY = YES_AGGRESSIVE;
				CLANG_WARN_UNREACHABLE_CODE = YES;
				CLANG_WARN__DUPLICATE_METHOD_MATCH = YES;
				COPY_PHASE_STRIP = NO;
				DEBUG_INFORMATION_FORMAT = dwarf;
				ENABLE_STRICT_OBJC_MSGSEND = YES;
				ENABLE_TESTABILITY = YES;
				GCC_C_LANGUAGE_STANDARD = gnu11;
				GCC_DYNAMIC_NO_PIC = NO;
				GCC_NO_COMMON_BLOCKS = YES;
				GCC_OPTIMIZATION_LEVEL = 0;
				GCC_PREPROCESSOR_DEFINITIONS = (
					"DEBUG=1",
					"$(inherited)",
				);
				GCC_WARN_64_TO_32_BIT_CONVERSION = YES;
				GCC_WARN_ABOUT_RETURN_TYPE = YES_ERROR;
				GCC_WARN_UNDECLARED_SELECTOR = YES;
				GCC_WARN_UNINITIALIZED_AUTOS = YES_AGGRESSIVE;
				GCC_WARN_UNUSED_FUNCTION = YES;
				GCC_WARN_UNUSED_VARIABLE = YES;
				IPHONEOS_DEPLOYMENT_TARGET = 15.2;
				MTL_ENABLE_DEBUG_INFO = INCLUDE_SOURCE;
				MTL_FAST_MATH = YES;
				ONLY_ACTIVE_ARCH = YES;
				SDKROOT = iphoneos;
				SWIFT_ACTIVE_COMPILATION_CONDITIONS = DEBUG;
				SWIFT_OPTIMIZATION_LEVEL = "-Onone";
			};
			name = Debug;
		};
		47D2272627DA938200FA92B7 /* Release */ = {
			isa = XCBuildConfiguration;
			buildSettings = {
				ALWAYS_SEARCH_USER_PATHS = NO;
				CLANG_ANALYZER_NONNULL = YES;
				CLANG_ANALYZER_NUMBER_OBJECT_CONVERSION = YES_AGGRESSIVE;
				CLANG_CXX_LANGUAGE_STANDARD = "gnu++17";
				CLANG_CXX_LIBRARY = "libc++";
				CLANG_ENABLE_MODULES = YES;
				CLANG_ENABLE_OBJC_ARC = YES;
				CLANG_ENABLE_OBJC_WEAK = YES;
				CLANG_WARN_BLOCK_CAPTURE_AUTORELEASING = YES;
				CLANG_WARN_BOOL_CONVERSION = YES;
				CLANG_WARN_COMMA = YES;
				CLANG_WARN_CONSTANT_CONVERSION = YES;
				CLANG_WARN_DEPRECATED_OBJC_IMPLEMENTATIONS = YES;
				CLANG_WARN_DIRECT_OBJC_ISA_USAGE = YES_ERROR;
				CLANG_WARN_DOCUMENTATION_COMMENTS = YES;
				CLANG_WARN_EMPTY_BODY = YES;
				CLANG_WARN_ENUM_CONVERSION = YES;
				CLANG_WARN_INFINITE_RECURSION = YES;
				CLANG_WARN_INT_CONVERSION = YES;
				CLANG_WARN_NON_LITERAL_NULL_CONVERSION = YES;
				CLANG_WARN_OBJC_IMPLICIT_RETAIN_SELF = YES;
				CLANG_WARN_OBJC_LITERAL_CONVERSION = YES;
				CLANG_WARN_OBJC_ROOT_CLASS = YES_ERROR;
				CLANG_WARN_QUOTED_INCLUDE_IN_FRAMEWORK_HEADER = YES;
				CLANG_WARN_RANGE_LOOP_ANALYSIS = YES;
				CLANG_WARN_STRICT_PROTOTYPES = YES;
				CLANG_WARN_SUSPICIOUS_MOVE = YES;
				CLANG_WARN_UNGUARDED_AVAILABILITY = YES_AGGRESSIVE;
				CLANG_WARN_UNREACHABLE_CODE = YES;
				CLANG_WARN__DUPLICATE_METHOD_MATCH = YES;
				COPY_PHASE_STRIP = NO;
				DEBUG_INFORMATION_FORMAT = "dwarf-with-dsym";
				ENABLE_NS_ASSERTIONS = NO;
				ENABLE_STRICT_OBJC_MSGSEND = YES;
				GCC_C_LANGUAGE_STANDARD = gnu11;
				GCC_NO_COMMON_BLOCKS = YES;
				GCC_WARN_64_TO_32_BIT_CONVERSION = YES;
				GCC_WARN_ABOUT_RETURN_TYPE = YES_ERROR;
				GCC_WARN_UNDECLARED_SELECTOR = YES;
				GCC_WARN_UNINITIALIZED_AUTOS = YES_AGGRESSIVE;
				GCC_WARN_UNUSED_FUNCTION = YES;
				GCC_WARN_UNUSED_VARIABLE = YES;
				IPHONEOS_DEPLOYMENT_TARGET = 15.2;
				MTL_ENABLE_DEBUG_INFO = NO;
				MTL_FAST_MATH = YES;
				SDKROOT = iphoneos;
				SWIFT_COMPILATION_MODE = wholemodule;
				SWIFT_OPTIMIZATION_LEVEL = "-O";
				VALIDATE_PRODUCT = YES;
			};
			name = Release;
		};
		47D2272827DA938200FA92B7 /* Debug */ = {
			isa = XCBuildConfiguration;
			buildSettings = {
				ASSETCATALOG_COMPILER_APPICON_NAME = AppIcon;
				ASSETCATALOG_COMPILER_GLOBAL_ACCENT_COLOR_NAME = AccentColor;
				CODE_SIGN_STYLE = Automatic;
				CURRENT_PROJECT_VERSION = 1;
				GENERATE_INFOPLIST_FILE = YES;
				INFOPLIST_FILE = SafeHealthChallenge/Info.plist;
				INFOPLIST_KEY_UIApplicationSupportsIndirectInputEvents = YES;
				INFOPLIST_KEY_UILaunchStoryboardName = LaunchScreen;
				INFOPLIST_KEY_UIMainStoryboardFile = Main;
				INFOPLIST_KEY_UISupportedInterfaceOrientations = "UIInterfaceOrientationPortrait UIInterfaceOrientationPortraitUpsideDown";
				INFOPLIST_KEY_UISupportedInterfaceOrientations_iPad = "UIInterfaceOrientationPortrait UIInterfaceOrientationPortraitUpsideDown UIInterfaceOrientationLandscapeLeft UIInterfaceOrientationLandscapeRight";
				INFOPLIST_KEY_UISupportedInterfaceOrientations_iPhone = "UIInterfaceOrientationPortrait UIInterfaceOrientationLandscapeLeft UIInterfaceOrientationLandscapeRight";
				LD_RUNPATH_SEARCH_PATHS = (
					"$(inherited)",
					"@executable_path/Frameworks",
				);
				MARKETING_VERSION = 1.0;
				PRODUCT_BUNDLE_IDENTIFIER = com.rickie.SafeHealthChallenge;
				PRODUCT_NAME = "$(TARGET_NAME)";
				SWIFT_EMIT_LOC_STRINGS = YES;
				SWIFT_VERSION = 5.0;
				TARGETED_DEVICE_FAMILY = "1,2";
			};
			name = Debug;
		};
		47D2272927DA938200FA92B7 /* Release */ = {
			isa = XCBuildConfiguration;
			buildSettings = {
				ASSETCATALOG_COMPILER_APPICON_NAME = AppIcon;
				ASSETCATALOG_COMPILER_GLOBAL_ACCENT_COLOR_NAME = AccentColor;
				CODE_SIGN_STYLE = Automatic;
				CURRENT_PROJECT_VERSION = 1;
				GENERATE_INFOPLIST_FILE = YES;
				INFOPLIST_FILE = SafeHealthChallenge/Info.plist;
				INFOPLIST_KEY_UIApplicationSupportsIndirectInputEvents = YES;
				INFOPLIST_KEY_UILaunchStoryboardName = LaunchScreen;
				INFOPLIST_KEY_UIMainStoryboardFile = Main;
				INFOPLIST_KEY_UISupportedInterfaceOrientations = "UIInterfaceOrientationPortrait UIInterfaceOrientationPortraitUpsideDown";
				INFOPLIST_KEY_UISupportedInterfaceOrientations_iPad = "UIInterfaceOrientationPortrait UIInterfaceOrientationPortraitUpsideDown UIInterfaceOrientationLandscapeLeft UIInterfaceOrientationLandscapeRight";
				INFOPLIST_KEY_UISupportedInterfaceOrientations_iPhone = "UIInterfaceOrientationPortrait UIInterfaceOrientationLandscapeLeft UIInterfaceOrientationLandscapeRight";
				LD_RUNPATH_SEARCH_PATHS = (
					"$(inherited)",
					"@executable_path/Frameworks",
				);
				MARKETING_VERSION = 1.0;
				PRODUCT_BUNDLE_IDENTIFIER = com.rickie.SafeHealthChallenge;
				PRODUCT_NAME = "$(TARGET_NAME)";
				SWIFT_EMIT_LOC_STRINGS = YES;
				SWIFT_VERSION = 5.0;
				TARGETED_DEVICE_FAMILY = "1,2";
			};
			name = Release;
		};
/* End XCBuildConfiguration section */

/* Begin XCConfigurationList section */
		47D2270E27DA938100FA92B7 /* Build configuration list for PBXProject "SafeHealthChallenge" */ = {
			isa = XCConfigurationList;
			buildConfigurations = (
				47D2272527DA938200FA92B7 /* Debug */,
				47D2272627DA938200FA92B7 /* Release */,
			);
			defaultConfigurationIsVisible = 0;
			defaultConfigurationName = Release;
		};
		47D2272727DA938200FA92B7 /* Build configuration list for PBXNativeTarget "SafeHealthChallenge" */ = {
			isa = XCConfigurationList;
			buildConfigurations = (
				47D2272827DA938200FA92B7 /* Debug */,
				47D2272927DA938200FA92B7 /* Release */,
			);
			defaultConfigurationIsVisible = 0;
			defaultConfigurationName = Release;
		};
/* End XCConfigurationList section */
	};
	rootObject = 47D2270B27DA938100FA92B7 /* Project object */;
}
